
Microsoft Visual Studio Solution File, Format Version 12.00
# Visual Studio Version 17
VisualStudioVersion = 17.0.31903.59
MinimumVisualStudioVersion = 10.0.40219.1
Project("{2150E333-8FDC-42A3-9474-1A3956D46DE8}") = "backend", "backend", "{1AE8ACA6-933B-BF2A-3671-3E2EAC007D16}"
EndProject
Project("{FAE04EC0-301F-11D3-BF4B-00C04F79EFBC}") = "RePrompt.Api", "backend\RePrompt.Api\RePrompt.Api.csproj", "{E8341538-8B82-4FC4-9B6D-DB93FAFC6D10}"
EndProject
Project("{FAE04EC0-301F-11D3-BF4B-00C04F79EFBC}") = "RePrompt.Api.Tests", "backend\RePrompt.Api.Tests\RePrompt.Api.Tests.csproj", "{55C1C6D0-6D08-4018-BBF0-C35E44E461EF}"
EndProject
Global
	GlobalSection(SolutionConfigurationPlatforms) = preSolution
		Debug|Any CPU = Debug|Any CPU
		Debug|x64 = Debug|x64
		Debug|x86 = Debug|x86
		Release|Any CPU = Release|Any CPU
		Release|x64 = Release|x64
		Release|x86 = Release|x86
	EndGlobalSection
	GlobalSection(ProjectConfigurationPlatforms) = postSolution
		{E8341538-8B82-4FC4-9B6D-DB93FAFC6D10}.Debug|Any CPU.ActiveCfg = Debug|Any CPU
		{E8341538-8B82-4FC4-9B6D-DB93FAFC6D10}.Debug|Any CPU.Build.0 = Debug|Any CPU
		{E8341538-8B82-4FC4-9B6D-DB93FAFC6D10}.Debug|x64.ActiveCfg = Debug|Any CPU
		{E8341538-8B82-4FC4-9B6D-DB93FAFC6D10}.Debug|x64.Build.0 = Debug|Any CPU
		{E8341538-8B82-4FC4-9B6D-DB93FAFC6D10}.Debug|x86.ActiveCfg = Debug|Any CPU
		{E8341538-8B82-4FC4-9B6D-DB93FAFC6D10}.Debug|x86.Build.0 = Debug|Any CPU
		{E8341538-8B82-4FC4-9B6D-DB93FAFC6D10}.Release|Any CPU.ActiveCfg = Release|Any CPU
		{E8341538-8B82-4FC4-9B6D-DB93FAFC6D10}.Release|Any CPU.Build.0 = Release|Any CPU
		{E8341538-8B82-4FC4-9B6D-DB93FAFC6D10}.Release|x64.ActiveCfg = Release|Any CPU
		{E8341538-8B82-4FC4-9B6D-DB93FAFC6D10}.Release|x64.Build.0 = Release|Any CPU
		{E8341538-8B82-4FC4-9B6D-DB93FAFC6D10}.Release|x86.ActiveCfg = Release|Any CPU
		{E8341538-8B82-4FC4-9B6D-DB93FAFC6D10}.Release|x86.Build.0 = Release|Any CPU
		{55C1C6D0-6D08-4018-BBF0-C35E44E461EF}.Debug|Any CPU.ActiveCfg = Debug|Any CPU
		{55C1C6D0-6D08-4018-BBF0-C35E44E461EF}.Debug|Any CPU.Build.0 = Debug|Any CPU
		{55C1C6D0-6D08-4018-BBF0-C35E44E461EF}.Debug|x64.ActiveCfg = Debug|Any CPU
		{55C1C6D0-6D08-4018-BBF0-C35E44E461EF}.Debug|x64.Build.0 = Debug|Any CPU
		{55C1C6D0-6D08-4018-BBF0-C35E44E461EF}.Debug|x86.ActiveCfg = Debug|Any CPU
		{55C1C6D0-6D08-4018-BBF0-C35E44E461EF}.Debug|x86.Build.0 = Debug|Any CPU
		{55C1C6D0-6D08-4018-BBF0-C35E44E461EF}.Release|Any CPU.ActiveCfg = Release|Any CPU
		{55C1C6D0-6D08-4018-BBF0-C35E44E461EF}.Release|Any CPU.Build.0 = Release|Any CPU
		{55C1C6D0-6D08-4018-BBF0-C35E44E461EF}.Release|x64.ActiveCfg = Release|Any CPU
		{55C1C6D0-6D08-4018-BBF0-C35E44E461EF}.Release|x64.Build.0 = Release|Any CPU
		{55C1C6D0-6D08-4018-BBF0-C35E44E461EF}.Release|x86.ActiveCfg = Release|Any CPU
		{55C1C6D0-6D08-4018-BBF0-C35E44E461EF}.Release|x86.Build.0 = Release|Any CPU
	EndGlobalSection
	GlobalSection(SolutionProperties) = preSolution
		HideSolutionNode = FALSE
	EndGlobalSection
	GlobalSection(NestedProjects) = preSolution
		{E8341538-8B82-4FC4-9B6D-DB93FAFC6D10} = {1AE8ACA6-933B-BF2A-3671-3E2EAC007D16}
		{55C1C6D0-6D08-4018-BBF0-C35E44E461EF} = {1AE8ACA6-933B-BF2A-3671-3E2EAC007D16}
	EndGlobalSection
EndGlobal
